// !$*UTF8*$!
{
	archiveVersion = 1;
	classes = {
	};
	objectVersion = 56;
	objects = {

/* Begin PBXBuildFile section */
		0D4105F42B7B84F40039CDB6 /* UIFont+.swift in Sources */ = {isa = PBXBuildFile; fileRef = 0D4105F32B7B84F40039CDB6 /* UIFont+.swift */; };
		21B21B672B722444008FFDCB /* AppDelegate.swift in Sources */ = {isa = PBXBuildFile; fileRef = 21B21B662B722444008FFDCB /* AppDelegate.swift */; };
		21B21B692B722444008FFDCB /* SceneDelegate.swift in Sources */ = {isa = PBXBuildFile; fileRef = 21B21B682B722444008FFDCB /* SceneDelegate.swift */; };
		21B21B6B2B722444008FFDCB /* ViewController.swift in Sources */ = {isa = PBXBuildFile; fileRef = 21B21B6A2B722444008FFDCB /* ViewController.swift */; };
		21B21B6E2B722444008FFDCB /* Main.storyboard in Resources */ = {isa = PBXBuildFile; fileRef = 21B21B6C2B722444008FFDCB /* Main.storyboard */; };
		21B21B702B722448008FFDCB /* Assets.xcassets in Resources */ = {isa = PBXBuildFile; fileRef = 21B21B6F2B722448008FFDCB /* Assets.xcassets */; };
		21B21B732B722448008FFDCB /* LaunchScreen.storyboard in Resources */ = {isa = PBXBuildFile; fileRef = 21B21B712B722448008FFDCB /* LaunchScreen.storyboard */; };
		21B21B8D2B75F828008FFDCB /* LoginViewController.swift in Sources */ = {isa = PBXBuildFile; fileRef = 21B21B8C2B75F828008FFDCB /* LoginViewController.swift */; };
		21B21B922B75FA5B008FFDCB /* SplashViewController.swift in Sources */ = {isa = PBXBuildFile; fileRef = 21B21B912B75FA5B008FFDCB /* SplashViewController.swift */; };
		21B21B952B75FA6F008FFDCB /* CareerViewController.swift in Sources */ = {isa = PBXBuildFile; fileRef = 21B21B942B75FA6F008FFDCB /* CareerViewController.swift */; };
		21B21B982B75FA80008FFDCB /* ProfileIntroViewController.swift in Sources */ = {isa = PBXBuildFile; fileRef = 21B21B972B75FA80008FFDCB /* ProfileIntroViewController.swift */; };
		21B21B9B2B75FA90008FFDCB /* DashboardViewController.swift in Sources */ = {isa = PBXBuildFile; fileRef = 21B21B9A2B75FA90008FFDCB /* DashboardViewController.swift */; };
		21B21B9F2B75FAAF008FFDCB /* HomeViewController.swift in Sources */ = {isa = PBXBuildFile; fileRef = 21B21B9E2B75FAAF008FFDCB /* HomeViewController.swift */; };
		21B21BA32B75FAE2008FFDCB /* ButtonComp.swift in Sources */ = {isa = PBXBuildFile; fileRef = 21B21BA22B75FAE2008FFDCB /* ButtonComp.swift */; };
		21B21BA82B779FC4008FFDCB /* MockData.swift in Sources */ = {isa = PBXBuildFile; fileRef = 21B21BA72B779FC4008FFDCB /* MockData.swift */; };
		21B21BAA2B792F69008FFDCB /* AppleLoginManager.swift in Sources */ = {isa = PBXBuildFile; fileRef = 21B21BA92B792F69008FFDCB /* AppleLoginManager.swift */; };
		21B21BB02B7A04D0008FFDCB /* Colors.xcassets in Resources */ = {isa = PBXBuildFile; fileRef = 21B21BAF2B7A04D0008FFDCB /* Colors.xcassets */; };
		21B21BB22B7A80B5008FFDCB /* assets.xcassets in Resources */ = {isa = PBXBuildFile; fileRef = 21B21BB12B7A80B5008FFDCB /* assets.xcassets */; };
		21B21BC32B7BA0DF008FFDCB /* AppleSDGothicNeoB.ttf in Resources */ = {isa = PBXBuildFile; fileRef = 21B21BBE2B7BA0DE008FFDCB /* AppleSDGothicNeoB.ttf */; };
		21B21BC42B7BA0DF008FFDCB /* AppleSDGothicNeoL.ttf in Resources */ = {isa = PBXBuildFile; fileRef = 21B21BBF2B7BA0DF008FFDCB /* AppleSDGothicNeoL.ttf */; };
		21B21BC52B7BA0DF008FFDCB /* AppleSDGothicNeoM.ttf in Resources */ = {isa = PBXBuildFile; fileRef = 21B21BC02B7BA0DF008FFDCB /* AppleSDGothicNeoM.ttf */; };
		21B21BC62B7BA0DF008FFDCB /* AppleSDGothicNeoEB.ttf in Resources */ = {isa = PBXBuildFile; fileRef = 21B21BC12B7BA0DF008FFDCB /* AppleSDGothicNeoEB.ttf */; };
		21B21BC72B7BA0DF008FFDCB /* AppleSDGothicNeoH.ttf in Resources */ = {isa = PBXBuildFile; fileRef = 21B21BC22B7BA0DF008FFDCB /* AppleSDGothicNeoH.ttf */; };
		21B21BC92B7BA8C7008FFDCB /* NickNameViewController.swift in Sources */ = {isa = PBXBuildFile; fileRef = 21B21BC82B7BA8C7008FFDCB /* NickNameViewController.swift */; };
		21B21BCB2B7BAAEA008FFDCB /* ProfileViewController.swift in Sources */ = {isa = PBXBuildFile; fileRef = 21B21BCA2B7BAAEA008FFDCB /* ProfileViewController.swift */; };
		21B21BCD2B7BB0FF008FFDCB /* AppleSDGothicNeoR.ttf in Resources */ = {isa = PBXBuildFile; fileRef = 21B21BCC2B7BB0FF008FFDCB /* AppleSDGothicNeoR.ttf */; };
		21B21BCF2B7BC2AA008FFDCB /* Extensions.swift in Sources */ = {isa = PBXBuildFile; fileRef = 21B21BCE2B7BC2AA008FFDCB /* Extensions.swift */; };
		21B21BD12B7BCDF4008FFDCB /* UniversityViewController.swift in Sources */ = {isa = PBXBuildFile; fileRef = 21B21BD02B7BCDF4008FFDCB /* UniversityViewController.swift */; };
		21B21BD32B7BCFF5008FFDCB /* TextFieldComp.swift in Sources */ = {isa = PBXBuildFile; fileRef = 21B21BD22B7BCFF5008FFDCB /* TextFieldComp.swift */; };
		21C100312B7BE71B00BED0A8 /* StatusInfoViewController.swift in Sources */ = {isa = PBXBuildFile; fileRef = 21C100302B7BE71B00BED0A8 /* StatusInfoViewController.swift */; };
		5919BE55D4E4EFD2B827C1F6 /* Pods_Uspec_Client.framework in Frameworks */ = {isa = PBXBuildFile; fileRef = 5E07639FC209E2A74D7B7085 /* Pods_Uspec_Client.framework */; };
/* End PBXBuildFile section */

/* Begin PBXFileReference section */
		0D4105F32B7B84F40039CDB6 /* UIFont+.swift */ = {isa = PBXFileReference; lastKnownFileType = sourcecode.swift; path = "UIFont+.swift"; sourceTree = "<group>"; };
		21B21B632B722444008FFDCB /* Uspec_Client.app */ = {isa = PBXFileReference; explicitFileType = wrapper.application; includeInIndex = 0; path = Uspec_Client.app; sourceTree = BUILT_PRODUCTS_DIR; };
		21B21B662B722444008FFDCB /* AppDelegate.swift */ = {isa = PBXFileReference; lastKnownFileType = sourcecode.swift; path = AppDelegate.swift; sourceTree = "<group>"; };
		21B21B682B722444008FFDCB /* SceneDelegate.swift */ = {isa = PBXFileReference; lastKnownFileType = sourcecode.swift; path = SceneDelegate.swift; sourceTree = "<group>"; };
		21B21B6A2B722444008FFDCB /* ViewController.swift */ = {isa = PBXFileReference; lastKnownFileType = sourcecode.swift; path = ViewController.swift; sourceTree = "<group>"; };
		21B21B6D2B722444008FFDCB /* Base */ = {isa = PBXFileReference; lastKnownFileType = file.storyboard; name = Base; path = Base.lproj/Main.storyboard; sourceTree = "<group>"; };
		21B21B6F2B722448008FFDCB /* Assets.xcassets */ = {isa = PBXFileReference; lastKnownFileType = folder.assetcatalog; path = Assets.xcassets; sourceTree = "<group>"; };
		21B21B722B722448008FFDCB /* Base */ = {isa = PBXFileReference; lastKnownFileType = file.storyboard; name = Base; path = Base.lproj/LaunchScreen.storyboard; sourceTree = "<group>"; };
		21B21B742B722448008FFDCB /* Info.plist */ = {isa = PBXFileReference; lastKnownFileType = text.plist.xml; path = Info.plist; sourceTree = "<group>"; };
		21B21B7C2B738A1A008FFDCB /* Uspec_Client.entitlements */ = {isa = PBXFileReference; lastKnownFileType = text.plist.entitlements; path = Uspec_Client.entitlements; sourceTree = "<group>"; };
		21B21B8C2B75F828008FFDCB /* LoginViewController.swift */ = {isa = PBXFileReference; lastKnownFileType = sourcecode.swift; path = LoginViewController.swift; sourceTree = "<group>"; };
		21B21B912B75FA5B008FFDCB /* SplashViewController.swift */ = {isa = PBXFileReference; lastKnownFileType = sourcecode.swift; path = SplashViewController.swift; sourceTree = "<group>"; };
		21B21B942B75FA6F008FFDCB /* CareerViewController.swift */ = {isa = PBXFileReference; lastKnownFileType = sourcecode.swift; path = CareerViewController.swift; sourceTree = "<group>"; };
		21B21B972B75FA80008FFDCB /* ProfileIntroViewController.swift */ = {isa = PBXFileReference; lastKnownFileType = sourcecode.swift; path = ProfileIntroViewController.swift; sourceTree = "<group>"; };
		21B21B9A2B75FA90008FFDCB /* DashboardViewController.swift */ = {isa = PBXFileReference; lastKnownFileType = sourcecode.swift; path = DashboardViewController.swift; sourceTree = "<group>"; };
		21B21B9E2B75FAAF008FFDCB /* HomeViewController.swift */ = {isa = PBXFileReference; lastKnownFileType = sourcecode.swift; path = HomeViewController.swift; sourceTree = "<group>"; };
		21B21BA22B75FAE2008FFDCB /* ButtonComp.swift */ = {isa = PBXFileReference; lastKnownFileType = sourcecode.swift; path = ButtonComp.swift; sourceTree = "<group>"; };
		21B21BA72B779FC4008FFDCB /* MockData.swift */ = {isa = PBXFileReference; lastKnownFileType = sourcecode.swift; path = MockData.swift; sourceTree = "<group>"; };
		21B21BA92B792F69008FFDCB /* AppleLoginManager.swift */ = {isa = PBXFileReference; lastKnownFileType = sourcecode.swift; path = AppleLoginManager.swift; sourceTree = "<group>"; };
		21B21BAF2B7A04D0008FFDCB /* Colors.xcassets */ = {isa = PBXFileReference; lastKnownFileType = folder.assetcatalog; path = Colors.xcassets; sourceTree = "<group>"; };
		21B21BB12B7A80B5008FFDCB /* assets.xcassets */ = {isa = PBXFileReference; lastKnownFileType = folder.assetcatalog; path = assets.xcassets; sourceTree = "<group>"; };
		21B21BBE2B7BA0DE008FFDCB /* AppleSDGothicNeoB.ttf */ = {isa = PBXFileReference; lastKnownFileType = file; path = AppleSDGothicNeoB.ttf; sourceTree = "<group>"; };
		21B21BBF2B7BA0DF008FFDCB /* AppleSDGothicNeoL.ttf */ = {isa = PBXFileReference; lastKnownFileType = file; path = AppleSDGothicNeoL.ttf; sourceTree = "<group>"; };
		21B21BC02B7BA0DF008FFDCB /* AppleSDGothicNeoM.ttf */ = {isa = PBXFileReference; lastKnownFileType = file; path = AppleSDGothicNeoM.ttf; sourceTree = "<group>"; };
		21B21BC12B7BA0DF008FFDCB /* AppleSDGothicNeoEB.ttf */ = {isa = PBXFileReference; lastKnownFileType = file; path = AppleSDGothicNeoEB.ttf; sourceTree = "<group>"; };
		21B21BC22B7BA0DF008FFDCB /* AppleSDGothicNeoH.ttf */ = {isa = PBXFileReference; lastKnownFileType = file; path = AppleSDGothicNeoH.ttf; sourceTree = "<group>"; };
		21B21BC82B7BA8C7008FFDCB /* NickNameViewController.swift */ = {isa = PBXFileReference; lastKnownFileType = sourcecode.swift; path = NickNameViewController.swift; sourceTree = "<group>"; };
		21B21BCA2B7BAAEA008FFDCB /* ProfileViewController.swift */ = {isa = PBXFileReference; lastKnownFileType = sourcecode.swift; path = ProfileViewController.swift; sourceTree = "<group>"; };
		21B21BCC2B7BB0FF008FFDCB /* AppleSDGothicNeoR.ttf */ = {isa = PBXFileReference; lastKnownFileType = file; path = AppleSDGothicNeoR.ttf; sourceTree = "<group>"; };
		21B21BCE2B7BC2AA008FFDCB /* Extensions.swift */ = {isa = PBXFileReference; lastKnownFileType = sourcecode.swift; path = Extensions.swift; sourceTree = "<group>"; };
		21B21BD02B7BCDF4008FFDCB /* UniversityViewController.swift */ = {isa = PBXFileReference; lastKnownFileType = sourcecode.swift; path = UniversityViewController.swift; sourceTree = "<group>"; };
		21B21BD22B7BCFF5008FFDCB /* TextFieldComp.swift */ = {isa = PBXFileReference; lastKnownFileType = sourcecode.swift; path = TextFieldComp.swift; sourceTree = "<group>"; };
		21C100302B7BE71B00BED0A8 /* StatusInfoViewController.swift */ = {isa = PBXFileReference; lastKnownFileType = sourcecode.swift; path = StatusInfoViewController.swift; sourceTree = "<group>"; };
		59256D33766EEB3A06ED83CB /* Pods-Uspec_Client.debug.xcconfig */ = {isa = PBXFileReference; includeInIndex = 1; lastKnownFileType = text.xcconfig; name = "Pods-Uspec_Client.debug.xcconfig"; path = "Target Support Files/Pods-Uspec_Client/Pods-Uspec_Client.debug.xcconfig"; sourceTree = "<group>"; };
		5E07639FC209E2A74D7B7085 /* Pods_Uspec_Client.framework */ = {isa = PBXFileReference; explicitFileType = wrapper.framework; includeInIndex = 0; path = Pods_Uspec_Client.framework; sourceTree = BUILT_PRODUCTS_DIR; };
		860805B32C94A2E517AC2C3D /* Pods-Uspec_Client.release.xcconfig */ = {isa = PBXFileReference; includeInIndex = 1; lastKnownFileType = text.xcconfig; name = "Pods-Uspec_Client.release.xcconfig"; path = "Target Support Files/Pods-Uspec_Client/Pods-Uspec_Client.release.xcconfig"; sourceTree = "<group>"; };
/* End PBXFileReference section */

/* Begin PBXFrameworksBuildPhase section */
		21B21B602B722444008FFDCB /* Frameworks */ = {
			isa = PBXFrameworksBuildPhase;
			buildActionMask = 2147483647;
			files = (
				5919BE55D4E4EFD2B827C1F6 /* Pods_Uspec_Client.framework in Frameworks */,
			);
			runOnlyForDeploymentPostprocessing = 0;
		};
/* End PBXFrameworksBuildPhase section */

/* Begin PBXGroup section */
		0D4105F22B7B84C10039CDB6 /* Extensions */ = {
			isa = PBXGroup;
			children = (
				0D4105F32B7B84F40039CDB6 /* UIFont+.swift */,
				21B21BCE2B7BC2AA008FFDCB /* Extensions.swift */,
			);
			path = Extensions;
			sourceTree = "<group>";
		};
		21B21B5A2B722444008FFDCB = {
			isa = PBXGroup;
			children = (
				21B21B652B722444008FFDCB /* Uspec_Client */,
				21B21B642B722444008FFDCB /* Products */,
				765D5F0DD78CE537681056DB /* Pods */,
				779A6867241A099D0416DE6E /* Frameworks */,
			);
			sourceTree = "<group>";
		};
		21B21B642B722444008FFDCB /* Products */ = {
			isa = PBXGroup;
			children = (
				21B21B632B722444008FFDCB /* Uspec_Client.app */,
			);
			name = Products;
			sourceTree = "<group>";
		};
		21B21B652B722444008FFDCB /* Uspec_Client */ = {
			isa = PBXGroup;
			children = (
				21B21BB32B7BA073008FFDCB /* Fonts */,
				0D4105F22B7B84C10039CDB6 /* Extensions */,
				21B21B7F2B738F9F008FFDCB /* Resources */,
				21B21B7E2B738F93008FFDCB /* Sources */,
				21B21B7C2B738A1A008FFDCB /* Uspec_Client.entitlements */,
				21B21B6A2B722444008FFDCB /* ViewController.swift */,
				21B21B6C2B722444008FFDCB /* Main.storyboard */,
				21B21BAF2B7A04D0008FFDCB /* Colors.xcassets */,
				21B21BB12B7A80B5008FFDCB /* assets.xcassets */,
			);
			path = Uspec_Client;
			sourceTree = "<group>";
		};
		21B21B7E2B738F93008FFDCB /* Sources */ = {
			isa = PBXGroup;
			children = (
				21B21BA62B779FB6008FFDCB /* Model */,
				21B21BA12B75FAD6008FFDCB /* Common */,
				21B21B852B75F7B8008FFDCB /* Scene */,
				21B21B802B738FC3008FFDCB /* App */,
			);
			path = Sources;
			sourceTree = "<group>";
		};
		21B21B7F2B738F9F008FFDCB /* Resources */ = {
			isa = PBXGroup;
			children = (
				21B21B6F2B722448008FFDCB /* Assets.xcassets */,
				21B21B712B722448008FFDCB /* LaunchScreen.storyboard */,
				21B21B742B722448008FFDCB /* Info.plist */,
			);
			path = Resources;
			sourceTree = "<group>";
		};
		21B21B802B738FC3008FFDCB /* App */ = {
			isa = PBXGroup;
			children = (
				21B21B662B722444008FFDCB /* AppDelegate.swift */,
				21B21B682B722444008FFDCB /* SceneDelegate.swift */,
			);
			path = App;
			sourceTree = "<group>";
		};
		21B21B852B75F7B8008FFDCB /* Scene */ = {
			isa = PBXGroup;
			children = (
				21B21B9D2B75FA9E008FFDCB /* MainHome */,
				21B21B992B75FA85008FFDCB /* Dashboard */,
				21B21B962B75FA74008FFDCB /* Profile */,
				21B21B932B75FA63008FFDCB /* Career */,
				21B21B902B75FA4E008FFDCB /* Splash */,
				21B21B862B75F7D9008FFDCB /* Login */,
			);
			path = Scene;
			sourceTree = "<group>";
		};
		21B21B862B75F7D9008FFDCB /* Login */ = {
			isa = PBXGroup;
			children = (
				21B21B8C2B75F828008FFDCB /* LoginViewController.swift */,
				21B21BA92B792F69008FFDCB /* AppleLoginManager.swift */,
			);
			path = Login;
			sourceTree = "<group>";
		};
		21B21B902B75FA4E008FFDCB /* Splash */ = {
			isa = PBXGroup;
			children = (
				21B21B912B75FA5B008FFDCB /* SplashViewController.swift */,
			);
			path = Splash;
			sourceTree = "<group>";
		};
		21B21B932B75FA63008FFDCB /* Career */ = {
			isa = PBXGroup;
			children = (
				21B21B942B75FA6F008FFDCB /* CareerViewController.swift */,
			);
			path = Career;
			sourceTree = "<group>";
		};
		21B21B962B75FA74008FFDCB /* Profile */ = {
			isa = PBXGroup;
			children = (
				21B21BCA2B7BAAEA008FFDCB /* ProfileViewController.swift */,
				21B21B972B75FA80008FFDCB /* ProfileIntroViewController.swift */,
				21B21BC82B7BA8C7008FFDCB /* NickNameViewController.swift */,
				21B21BD02B7BCDF4008FFDCB /* UniversityViewController.swift */,
				21C100302B7BE71B00BED0A8 /* StatusInfoViewController.swift */,
			);
			path = Profile;
			sourceTree = "<group>";
		};
		21B21B992B75FA85008FFDCB /* Dashboard */ = {
			isa = PBXGroup;
			children = (
				21B21B9A2B75FA90008FFDCB /* DashboardViewController.swift */,
			);
			path = Dashboard;
			sourceTree = "<group>";
		};
		21B21B9D2B75FA9E008FFDCB /* MainHome */ = {
			isa = PBXGroup;
			children = (
				21B21B9E2B75FAAF008FFDCB /* HomeViewController.swift */,
			);
			path = MainHome;
			sourceTree = "<group>";
		};
		21B21BA12B75FAD6008FFDCB /* Common */ = {
			isa = PBXGroup;
			children = (
				21B21BA22B75FAE2008FFDCB /* ButtonComp.swift */,
				21B21BD22B7BCFF5008FFDCB /* TextFieldComp.swift */,
			);
			path = Common;
			sourceTree = "<group>";
		};
		21B21BA62B779FB6008FFDCB /* Model */ = {
			isa = PBXGroup;
			children = (
				21B21BA72B779FC4008FFDCB /* MockData.swift */,
			);
			path = Model;
			sourceTree = "<group>";
		};
		21B21BB32B7BA073008FFDCB /* Fonts */ = {
			isa = PBXGroup;
			children = (
				21B21BCC2B7BB0FF008FFDCB /* AppleSDGothicNeoR.ttf */,
				21B21BBE2B7BA0DE008FFDCB /* AppleSDGothicNeoB.ttf */,
				21B21BC12B7BA0DF008FFDCB /* AppleSDGothicNeoEB.ttf */,
				21B21BC22B7BA0DF008FFDCB /* AppleSDGothicNeoH.ttf */,
				21B21BBF2B7BA0DF008FFDCB /* AppleSDGothicNeoL.ttf */,
				21B21BC02B7BA0DF008FFDCB /* AppleSDGothicNeoM.ttf */,
			);
			path = Fonts;
			sourceTree = "<group>";
		};
		765D5F0DD78CE537681056DB /* Pods */ = {
			isa = PBXGroup;
			children = (
				59256D33766EEB3A06ED83CB /* Pods-Uspec_Client.debug.xcconfig */,
				860805B32C94A2E517AC2C3D /* Pods-Uspec_Client.release.xcconfig */,
			);
			path = Pods;
			sourceTree = "<group>";
		};
		779A6867241A099D0416DE6E /* Frameworks */ = {
			isa = PBXGroup;
			children = (
				5E07639FC209E2A74D7B7085 /* Pods_Uspec_Client.framework */,
			);
			name = Frameworks;
			sourceTree = "<group>";
		};
/* End PBXGroup section */

/* Begin PBXNativeTarget section */
		21B21B622B722444008FFDCB /* Uspec_Client */ = {
			isa = PBXNativeTarget;
			buildConfigurationList = 21B21B772B722448008FFDCB /* Build configuration list for PBXNativeTarget "Uspec_Client" */;
			buildPhases = (
				97071A85E90C3DD9795F1EBE /* [CP] Check Pods Manifest.lock */,
				21B21B5F2B722444008FFDCB /* Sources */,
				21B21B602B722444008FFDCB /* Frameworks */,
				21B21B612B722444008FFDCB /* Resources */,
				F75915435D8D881168471551 /* [CP] Embed Pods Frameworks */,
			);
			buildRules = (
			);
			dependencies = (
			);
			name = Uspec_Client;
			productName = Uspec_Client;
			productReference = 21B21B632B722444008FFDCB /* Uspec_Client.app */;
			productType = "com.apple.product-type.application";
		};
/* End PBXNativeTarget section */

/* Begin PBXProject section */
		21B21B5B2B722444008FFDCB /* Project object */ = {
			isa = PBXProject;
			attributes = {
				BuildIndependentTargetsInParallel = 1;
				LastSwiftUpdateCheck = 1500;
				LastUpgradeCheck = 1500;
				TargetAttributes = {
					21B21B622B722444008FFDCB = {
						CreatedOnToolsVersion = 15.0.1;
					};
				};
			};
			buildConfigurationList = 21B21B5E2B722444008FFDCB /* Build configuration list for PBXProject "Uspec_Client" */;
			compatibilityVersion = "Xcode 14.0";
			developmentRegion = en;
			hasScannedForEncodings = 0;
			knownRegions = (
				en,
				Base,
			);
			mainGroup = 21B21B5A2B722444008FFDCB;
			productRefGroup = 21B21B642B722444008FFDCB /* Products */;
			projectDirPath = "";
			projectRoot = "";
			targets = (
				21B21B622B722444008FFDCB /* Uspec_Client */,
			);
		};
/* End PBXProject section */

/* Begin PBXResourcesBuildPhase section */
		21B21B612B722444008FFDCB /* Resources */ = {
			isa = PBXResourcesBuildPhase;
			buildActionMask = 2147483647;
			files = (
				21B21BCD2B7BB0FF008FFDCB /* AppleSDGothicNeoR.ttf in Resources */,
				21B21B732B722448008FFDCB /* LaunchScreen.storyboard in Resources */,
				21B21BB02B7A04D0008FFDCB /* Colors.xcassets in Resources */,
				21B21BC32B7BA0DF008FFDCB /* AppleSDGothicNeoB.ttf in Resources */,
				21B21B702B722448008FFDCB /* Assets.xcassets in Resources */,
				21B21BC72B7BA0DF008FFDCB /* AppleSDGothicNeoH.ttf in Resources */,
				21B21BC62B7BA0DF008FFDCB /* AppleSDGothicNeoEB.ttf in Resources */,
				21B21BC42B7BA0DF008FFDCB /* AppleSDGothicNeoL.ttf in Resources */,
				21B21BB22B7A80B5008FFDCB /* assets.xcassets in Resources */,
				21B21B6E2B722444008FFDCB /* Main.storyboard in Resources */,
				21B21BC52B7BA0DF008FFDCB /* AppleSDGothicNeoM.ttf in Resources */,
			);
			runOnlyForDeploymentPostprocessing = 0;
		};
/* End PBXResourcesBuildPhase section */

/* Begin PBXShellScriptBuildPhase section */
		97071A85E90C3DD9795F1EBE /* [CP] Check Pods Manifest.lock */ = {
			isa = PBXShellScriptBuildPhase;
			buildActionMask = 2147483647;
			files = (
			);
			inputFileListPaths = (
			);
			inputPaths = (
				"${PODS_PODFILE_DIR_PATH}/Podfile.lock",
				"${PODS_ROOT}/Manifest.lock",
			);
			name = "[CP] Check Pods Manifest.lock";
			outputFileListPaths = (
			);
			outputPaths = (
				"$(DERIVED_FILE_DIR)/Pods-Uspec_Client-checkManifestLockResult.txt",
			);
			runOnlyForDeploymentPostprocessing = 0;
			shellPath = /bin/sh;
			shellScript = "diff \"${PODS_PODFILE_DIR_PATH}/Podfile.lock\" \"${PODS_ROOT}/Manifest.lock\" > /dev/null\nif [ $? != 0 ] ; then\n    # print error to STDERR\n    echo \"error: The sandbox is not in sync with the Podfile.lock. Run 'pod install' or update your CocoaPods installation.\" >&2\n    exit 1\nfi\n# This output is used by Xcode 'outputs' to avoid re-running this script phase.\necho \"SUCCESS\" > \"${SCRIPT_OUTPUT_FILE_0}\"\n";
			showEnvVarsInLog = 0;
		};
		F75915435D8D881168471551 /* [CP] Embed Pods Frameworks */ = {
			isa = PBXShellScriptBuildPhase;
			buildActionMask = 2147483647;
			files = (
			);
			inputFileListPaths = (
				"${PODS_ROOT}/Target Support Files/Pods-Uspec_Client/Pods-Uspec_Client-frameworks-${CONFIGURATION}-input-files.xcfilelist",
			);
			name = "[CP] Embed Pods Frameworks";
			outputFileListPaths = (
				"${PODS_ROOT}/Target Support Files/Pods-Uspec_Client/Pods-Uspec_Client-frameworks-${CONFIGURATION}-output-files.xcfilelist",
			);
			runOnlyForDeploymentPostprocessing = 0;
			shellPath = /bin/sh;
			shellScript = "\"${PODS_ROOT}/Target Support Files/Pods-Uspec_Client/Pods-Uspec_Client-frameworks.sh\"\n";
			showEnvVarsInLog = 0;
		};
/* End PBXShellScriptBuildPhase section */

/* Begin PBXSourcesBuildPhase section */
		21B21B5F2B722444008FFDCB /* Sources */ = {
			isa = PBXSourcesBuildPhase;
			buildActionMask = 2147483647;
			files = (
				0D4105F42B7B84F40039CDB6 /* UIFont+.swift in Sources */,
				21B21B8D2B75F828008FFDCB /* LoginViewController.swift in Sources */,
				21B21B6B2B722444008FFDCB /* ViewController.swift in Sources */,
				21B21B672B722444008FFDCB /* AppDelegate.swift in Sources */,
				21B21B692B722444008FFDCB /* SceneDelegate.swift in Sources */,
				21B21B982B75FA80008FFDCB /* ProfileIntroViewController.swift in Sources */,
				21B21BD32B7BCFF5008FFDCB /* TextFieldComp.swift in Sources */,
				21B21B9F2B75FAAF008FFDCB /* HomeViewController.swift in Sources */,
				21B21B952B75FA6F008FFDCB /* CareerViewController.swift in Sources */,
				21B21BA32B75FAE2008FFDCB /* ButtonComp.swift in Sources */,
				21B21BCB2B7BAAEA008FFDCB /* ProfileViewController.swift in Sources */,
				21B21BAA2B792F69008FFDCB /* AppleLoginManager.swift in Sources */,
				21B21BCF2B7BC2AA008FFDCB /* Extensions.swift in Sources */,
				21B21BC92B7BA8C7008FFDCB /* NickNameViewController.swift in Sources */,
				21B21B922B75FA5B008FFDCB /* SplashViewController.swift in Sources */,
				21B21BA82B779FC4008FFDCB /* MockData.swift in Sources */,
				21C100312B7BE71B00BED0A8 /* StatusInfoViewController.swift in Sources */,
				21B21BD12B7BCDF4008FFDCB /* UniversityViewController.swift in Sources */,
				21B21B9B2B75FA90008FFDCB /* DashboardViewController.swift in Sources */,
			);
			runOnlyForDeploymentPostprocessing = 0;
		};
/* End PBXSourcesBuildPhase section */

/* Begin PBXVariantGroup section */
		21B21B6C2B722444008FFDCB /* Main.storyboard */ = {
			isa = PBXVariantGroup;
			children = (
				21B21B6D2B722444008FFDCB /* Base */,
			);
			name = Main.storyboard;
			sourceTree = "<group>";
		};
		21B21B712B722448008FFDCB /* LaunchScreen.storyboard */ = {
			isa = PBXVariantGroup;
			children = (
				21B21B722B722448008FFDCB /* Base */,
			);
			name = LaunchScreen.storyboard;
			sourceTree = "<group>";
		};
/* End PBXVariantGroup section */

/* Begin XCBuildConfiguration section */
		21B21B752B722448008FFDCB /* Debug */ = {
			isa = XCBuildConfiguration;
			buildSettings = {
				ALWAYS_SEARCH_USER_PATHS = NO;
				ASSETCATALOG_COMPILER_GENERATE_SWIFT_ASSET_SYMBOL_EXTENSIONS = YES;
				CLANG_ANALYZER_NONNULL = YES;
				CLANG_ANALYZER_NUMBER_OBJECT_CONVERSION = YES_AGGRESSIVE;
				CLANG_CXX_LANGUAGE_STANDARD = "gnu++20";
				CLANG_ENABLE_MODULES = YES;
				CLANG_ENABLE_OBJC_ARC = YES;
				CLANG_ENABLE_OBJC_WEAK = YES;
				CLANG_WARN_BLOCK_CAPTURE_AUTORELEASING = YES;
				CLANG_WARN_BOOL_CONVERSION = YES;
				CLANG_WARN_COMMA = YES;
				CLANG_WARN_CONSTANT_CONVERSION = YES;
				CLANG_WARN_DEPRECATED_OBJC_IMPLEMENTATIONS = YES;
				CLANG_WARN_DIRECT_OBJC_ISA_USAGE = YES_ERROR;
				CLANG_WARN_DOCUMENTATION_COMMENTS = YES;
				CLANG_WARN_EMPTY_BODY = YES;
				CLANG_WARN_ENUM_CONVERSION = YES;
				CLANG_WARN_INFINITE_RECURSION = YES;
				CLANG_WARN_INT_CONVERSION = YES;
				CLANG_WARN_NON_LITERAL_NULL_CONVERSION = YES;
				CLANG_WARN_OBJC_IMPLICIT_RETAIN_SELF = YES;
				CLANG_WARN_OBJC_LITERAL_CONVERSION = YES;
				CLANG_WARN_OBJC_ROOT_CLASS = YES_ERROR;
				CLANG_WARN_QUOTED_INCLUDE_IN_FRAMEWORK_HEADER = YES;
				CLANG_WARN_RANGE_LOOP_ANALYSIS = YES;
				CLANG_WARN_STRICT_PROTOTYPES = YES;
				CLANG_WARN_SUSPICIOUS_MOVE = YES;
				CLANG_WARN_UNGUARDED_AVAILABILITY = YES_AGGRESSIVE;
				CLANG_WARN_UNREACHABLE_CODE = YES;
				CLANG_WARN__DUPLICATE_METHOD_MATCH = YES;
				COPY_PHASE_STRIP = NO;
				DEBUG_INFORMATION_FORMAT = dwarf;
				ENABLE_STRICT_OBJC_MSGSEND = YES;
				ENABLE_TESTABILITY = YES;
				ENABLE_USER_SCRIPT_SANDBOXING = NO;
				GCC_C_LANGUAGE_STANDARD = gnu17;
				GCC_DYNAMIC_NO_PIC = NO;
				GCC_NO_COMMON_BLOCKS = YES;
				GCC_OPTIMIZATION_LEVEL = 0;
				GCC_PREPROCESSOR_DEFINITIONS = (
					"DEBUG=1",
					"$(inherited)",
				);
				GCC_WARN_64_TO_32_BIT_CONVERSION = YES;
				GCC_WARN_ABOUT_RETURN_TYPE = YES_ERROR;
				GCC_WARN_UNDECLARED_SELECTOR = YES;
				GCC_WARN_UNINITIALIZED_AUTOS = YES_AGGRESSIVE;
				GCC_WARN_UNUSED_FUNCTION = YES;
				GCC_WARN_UNUSED_VARIABLE = YES;
				IPHONEOS_DEPLOYMENT_TARGET = 17.0;
				LOCALIZATION_PREFERS_STRING_CATALOGS = YES;
				MTL_ENABLE_DEBUG_INFO = INCLUDE_SOURCE;
				MTL_FAST_MATH = YES;
				ONLY_ACTIVE_ARCH = YES;
				SDKROOT = iphoneos;
				SWIFT_ACTIVE_COMPILATION_CONDITIONS = "DEBUG $(inherited)";
				SWIFT_OPTIMIZATION_LEVEL = "-Onone";
			};
			name = Debug;
		};
		21B21B762B722448008FFDCB /* Release */ = {
			isa = XCBuildConfiguration;
			buildSettings = {
				ALWAYS_SEARCH_USER_PATHS = NO;
				ASSETCATALOG_COMPILER_GENERATE_SWIFT_ASSET_SYMBOL_EXTENSIONS = YES;
				CLANG_ANALYZER_NONNULL = YES;
				CLANG_ANALYZER_NUMBER_OBJECT_CONVERSION = YES_AGGRESSIVE;
				CLANG_CXX_LANGUAGE_STANDARD = "gnu++20";
				CLANG_ENABLE_MODULES = YES;
				CLANG_ENABLE_OBJC_ARC = YES;
				CLANG_ENABLE_OBJC_WEAK = YES;
				CLANG_WARN_BLOCK_CAPTURE_AUTORELEASING = YES;
				CLANG_WARN_BOOL_CONVERSION = YES;
				CLANG_WARN_COMMA = YES;
				CLANG_WARN_CONSTANT_CONVERSION = YES;
				CLANG_WARN_DEPRECATED_OBJC_IMPLEMENTATIONS = YES;
				CLANG_WARN_DIRECT_OBJC_ISA_USAGE = YES_ERROR;
				CLANG_WARN_DOCUMENTATION_COMMENTS = YES;
				CLANG_WARN_EMPTY_BODY = YES;
				CLANG_WARN_ENUM_CONVERSION = YES;
				CLANG_WARN_INFINITE_RECURSION = YES;
				CLANG_WARN_INT_CONVERSION = YES;
				CLANG_WARN_NON_LITERAL_NULL_CONVERSION = YES;
				CLANG_WARN_OBJC_IMPLICIT_RETAIN_SELF = YES;
				CLANG_WARN_OBJC_LITERAL_CONVERSION = YES;
				CLANG_WARN_OBJC_ROOT_CLASS = YES_ERROR;
				CLANG_WARN_QUOTED_INCLUDE_IN_FRAMEWORK_HEADER = YES;
				CLANG_WARN_RANGE_LOOP_ANALYSIS = YES;
				CLANG_WARN_STRICT_PROTOTYPES = YES;
				CLANG_WARN_SUSPICIOUS_MOVE = YES;
				CLANG_WARN_UNGUARDED_AVAILABILITY = YES_AGGRESSIVE;
				CLANG_WARN_UNREACHABLE_CODE = YES;
				CLANG_WARN__DUPLICATE_METHOD_MATCH = YES;
				COPY_PHASE_STRIP = NO;
				DEBUG_INFORMATION_FORMAT = "dwarf-with-dsym";
				ENABLE_NS_ASSERTIONS = NO;
				ENABLE_STRICT_OBJC_MSGSEND = YES;
				ENABLE_USER_SCRIPT_SANDBOXING = NO;
				GCC_C_LANGUAGE_STANDARD = gnu17;
				GCC_NO_COMMON_BLOCKS = YES;
				GCC_WARN_64_TO_32_BIT_CONVERSION = YES;
				GCC_WARN_ABOUT_RETURN_TYPE = YES_ERROR;
				GCC_WARN_UNDECLARED_SELECTOR = YES;
				GCC_WARN_UNINITIALIZED_AUTOS = YES_AGGRESSIVE;
				GCC_WARN_UNUSED_FUNCTION = YES;
				GCC_WARN_UNUSED_VARIABLE = YES;
				IPHONEOS_DEPLOYMENT_TARGET = 17.0;
				LOCALIZATION_PREFERS_STRING_CATALOGS = YES;
				MTL_ENABLE_DEBUG_INFO = NO;
				MTL_FAST_MATH = YES;
				SDKROOT = iphoneos;
				SWIFT_COMPILATION_MODE = wholemodule;
				VALIDATE_PRODUCT = YES;
			};
			name = Release;
		};
		21B21B782B722448008FFDCB /* Debug */ = {
			isa = XCBuildConfiguration;
			baseConfigurationReference = 59256D33766EEB3A06ED83CB /* Pods-Uspec_Client.debug.xcconfig */;
			buildSettings = {
				ASSETCATALOG_COMPILER_APPICON_NAME = AppIcon;
				ASSETCATALOG_COMPILER_GLOBAL_ACCENT_COLOR_NAME = AccentColor;
				CODE_SIGN_ENTITLEMENTS = Uspec_Client/Uspec_Client.entitlements;
				CODE_SIGN_STYLE = Automatic;
				CURRENT_PROJECT_VERSION = 1;
				DEVELOPMENT_TEAM = 3XQ8HFGAQN;
				GENERATE_INFOPLIST_FILE = YES;
				INFOPLIST_FILE = Uspec_Client/Resources/Info.plist;
				INFOPLIST_KEY_UIApplicationSupportsIndirectInputEvents = YES;
				INFOPLIST_KEY_UILaunchStoryboardName = LaunchScreen;
				INFOPLIST_KEY_UIMainStoryboardFile = Main;
				INFOPLIST_KEY_UISupportedInterfaceOrientations_iPad = "UIInterfaceOrientationPortrait UIInterfaceOrientationPortraitUpsideDown UIInterfaceOrientationLandscapeLeft UIInterfaceOrientationLandscapeRight";
				INFOPLIST_KEY_UISupportedInterfaceOrientations_iPhone = "UIInterfaceOrientationPortrait UIInterfaceOrientationLandscapeLeft UIInterfaceOrientationLandscapeRight";
				LD_RUNPATH_SEARCH_PATHS = (
					"$(inherited)",
					"@executable_path/Frameworks",
				);
				MARKETING_VERSION = 1.0;
				PRODUCT_BUNDLE_IDENTIFIER = "com.one.ram.Uspec-Client";
				PRODUCT_NAME = "$(TARGET_NAME)";
				SWIFT_EMIT_LOC_STRINGS = YES;
				SWIFT_VERSION = 5.0;
				TARGETED_DEVICE_FAMILY = "1,2";
			};
			name = Debug;
		};
		21B21B792B722448008FFDCB /* Release */ = {
			isa = XCBuildConfiguration;
			baseConfigurationReference = 860805B32C94A2E517AC2C3D /* Pods-Uspec_Client.release.xcconfig */;
			buildSettings = {
				ASSETCATALOG_COMPILER_APPICON_NAME = AppIcon;
				ASSETCATALOG_COMPILER_GLOBAL_ACCENT_COLOR_NAME = AccentColor;
				CODE_SIGN_ENTITLEMENTS = Uspec_Client/Uspec_Client.entitlements;
				CODE_SIGN_STYLE = Automatic;
				CURRENT_PROJECT_VERSION = 1;
				DEVELOPMENT_TEAM = 3XQ8HFGAQN;
				GENERATE_INFOPLIST_FILE = YES;
				INFOPLIST_FILE = Uspec_Client/Resources/Info.plist;
				INFOPLIST_KEY_UIApplicationSupportsIndirectInputEvents = YES;
				INFOPLIST_KEY_UILaunchStoryboardName = LaunchScreen;
				INFOPLIST_KEY_UIMainStoryboardFile = Main;
				INFOPLIST_KEY_UISupportedInterfaceOrientations_iPad = "UIInterfaceOrientationPortrait UIInterfaceOrientationPortraitUpsideDown UIInterfaceOrientationLandscapeLeft UIInterfaceOrientationLandscapeRight";
				INFOPLIST_KEY_UISupportedInterfaceOrientations_iPhone = "UIInterfaceOrientationPortrait UIInterfaceOrientationLandscapeLeft UIInterfaceOrientationLandscapeRight";
				LD_RUNPATH_SEARCH_PATHS = (
					"$(inherited)",
					"@executable_path/Frameworks",
				);
				MARKETING_VERSION = 1.0;
				PRODUCT_BUNDLE_IDENTIFIER = "com.one.ram.Uspec-Client";
				PRODUCT_NAME = "$(TARGET_NAME)";
				SWIFT_EMIT_LOC_STRINGS = YES;
				SWIFT_VERSION = 5.0;
				TARGETED_DEVICE_FAMILY = "1,2";
			};
			name = Release;
		};
/* End XCBuildConfiguration section */

/* Begin XCConfigurationList section */
		21B21B5E2B722444008FFDCB /* Build configuration list for PBXProject "Uspec_Client" */ = {
			isa = XCConfigurationList;
			buildConfigurations = (
				21B21B752B722448008FFDCB /* Debug */,
				21B21B762B722448008FFDCB /* Release */,
			);
			defaultConfigurationIsVisible = 0;
			defaultConfigurationName = Release;
		};
		21B21B772B722448008FFDCB /* Build configuration list for PBXNativeTarget "Uspec_Client" */ = {
			isa = XCConfigurationList;
			buildConfigurations = (
				21B21B782B722448008FFDCB /* Debug */,
				21B21B792B722448008FFDCB /* Release */,
			);
			defaultConfigurationIsVisible = 0;
			defaultConfigurationName = Release;
		};
/* End XCConfigurationList section */
	};
	rootObject = 21B21B5B2B722444008FFDCB /* Project object */;
}
